// !$*UTF8*$!
{
	archiveVersion = 1;
	classes = {
	};
	objectVersion = 46;
	objects = {

/* Begin PBXBuildFile section */
		7013EA6A1D32FD860036C187 /* PizzaTerminada.swift in Sources */ = {isa = PBXBuildFile; fileRef = 7013EA691D32FD860036C187 /* PizzaTerminada.swift */; };
		7040FC6F1D33108800B47422 /* TamañoPizza.swift in Sources */ = {isa = PBXBuildFile; fileRef = 7040FC6E1D33108800B47422 /* TamañoPizza.swift */; };
		7040FC711D3310AD00B47422 /* MasaPizza.swift in Sources */ = {isa = PBXBuildFile; fileRef = 7040FC701D3310AD00B47422 /* MasaPizza.swift */; };
		7040FC731D3310D200B47422 /* TipodeQueso.swift in Sources */ = {isa = PBXBuildFile; fileRef = 7040FC721D3310D200B47422 /* TipodeQueso.swift */; };
		7040FC751D33125100B47422 /* Ingredients.swift in Sources */ = {isa = PBXBuildFile; fileRef = 7040FC741D33125100B47422 /* Ingredients.swift */; };
		70FA22E91D3194FB00C09E4D /* AppDelegate.swift in Sources */ = {isa = PBXBuildFile; fileRef = 70FA22E81D3194FB00C09E4D /* AppDelegate.swift */; };
		70FA22EB1D3194FB00C09E4D /* ViewController.swift in Sources */ = {isa = PBXBuildFile; fileRef = 70FA22EA1D3194FB00C09E4D /* ViewController.swift */; };
		70FA22EE1D3194FB00C09E4D /* Main.storyboard in Resources */ = {isa = PBXBuildFile; fileRef = 70FA22EC1D3194FB00C09E4D /* Main.storyboard */; };
		70FA22F01D3194FB00C09E4D /* Assets.xcassets in Resources */ = {isa = PBXBuildFile; fileRef = 70FA22EF1D3194FB00C09E4D /* Assets.xcassets */; };
		70FA22F31D3194FB00C09E4D /* LaunchScreen.storyboard in Resources */ = {isa = PBXBuildFile; fileRef = 70FA22F11D3194FB00C09E4D /* LaunchScreen.storyboard */; };
/* End PBXBuildFile section */

/* Begin PBXFileReference section */
		7013EA691D32FD860036C187 /* PizzaTerminada.swift */ = {isa = PBXFileReference; fileEncoding = 4; lastKnownFileType = sourcecode.swift; path = PizzaTerminada.swift; sourceTree = "<group>"; };
		7040FC6E1D33108800B47422 /* TamañoPizza.swift */ = {isa = PBXFileReference; fileEncoding = 4; lastKnownFileType = sourcecode.swift; path = "TamañoPizza.swift"; sourceTree = "<group>"; };
		7040FC701D3310AD00B47422 /* MasaPizza.swift */ = {isa = PBXFileReference; fileEncoding = 4; lastKnownFileType = sourcecode.swift; path = MasaPizza.swift; sourceTree = "<group>"; };
		7040FC721D3310D200B47422 /* TipodeQueso.swift */ = {isa = PBXFileReference; fileEncoding = 4; lastKnownFileType = sourcecode.swift; path = TipodeQueso.swift; sourceTree = "<group>"; };
		7040FC741D33125100B47422 /* Ingredients.swift */ = {isa = PBXFileReference; fileEncoding = 4; lastKnownFileType = sourcecode.swift; path = Ingredients.swift; sourceTree = "<group>"; };
		70FA22E51D3194FB00C09E4D /* PIZZA.app */ = {isa = PBXFileReference; explicitFileType = wrapper.application; includeInIndex = 0; path = PIZZA.app; sourceTree = BUILT_PRODUCTS_DIR; };
		70FA22E81D3194FB00C09E4D /* AppDelegate.swift */ = {isa = PBXFileReference; lastKnownFileType = sourcecode.swift; path = AppDelegate.swift; sourceTree = "<group>"; };
		70FA22EA1D3194FB00C09E4D /* ViewController.swift */ = {isa = PBXFileReference; lastKnownFileType = sourcecode.swift; path = ViewController.swift; sourceTree = "<group>"; };
		70FA22ED1D3194FB00C09E4D /* Base */ = {isa = PBXFileReference; lastKnownFileType = file.storyboard; name = Base; path = Base.lproj/Main.storyboard; sourceTree = "<group>"; };
		70FA22EF1D3194FB00C09E4D /* Assets.xcassets */ = {isa = PBXFileReference; lastKnownFileType = folder.assetcatalog; path = Assets.xcassets; sourceTree = "<group>"; };
		70FA22F21D3194FB00C09E4D /* Base */ = {isa = PBXFileReference; lastKnownFileType = file.storyboard; name = Base; path = Base.lproj/LaunchScreen.storyboard; sourceTree = "<group>"; };
		70FA22F41D3194FB00C09E4D /* Info.plist */ = {isa = PBXFileReference; lastKnownFileType = text.plist.xml; path = Info.plist; sourceTree = "<group>"; };
/* End PBXFileReference section */

/* Begin PBXFrameworksBuildPhase section */
		70FA22E21D3194FB00C09E4D /* Frameworks */ = {
			isa = PBXFrameworksBuildPhase;
			buildActionMask = 2147483647;
			files = (
			);
			runOnlyForDeploymentPostprocessing = 0;
		};
/* End PBXFrameworksBuildPhase section */

/* Begin PBXGroup section */
		70FA22DC1D3194FB00C09E4D = {
			isa = PBXGroup;
			children = (
				70FA22E71D3194FB00C09E4D /* PIZZA */,
				70FA22E61D3194FB00C09E4D /* Products */,
			);
			sourceTree = "<group>";
		};
		70FA22E61D3194FB00C09E4D /* Products */ = {
			isa = PBXGroup;
			children = (
				70FA22E51D3194FB00C09E4D /* PIZZA.app */,
			);
			name = Products;
			sourceTree = "<group>";
		};
		70FA22E71D3194FB00C09E4D /* PIZZA */ = {
			isa = PBXGroup;
			children = (
				70FA22E81D3194FB00C09E4D /* AppDelegate.swift */,
				70FA22EA1D3194FB00C09E4D /* ViewController.swift */,
				70FA22EC1D3194FB00C09E4D /* Main.storyboard */,
				70FA22EF1D3194FB00C09E4D /* Assets.xcassets */,
				70FA22F11D3194FB00C09E4D /* LaunchScreen.storyboard */,
				70FA22F41D3194FB00C09E4D /* Info.plist */,
				7040FC6E1D33108800B47422 /* TamañoPizza.swift */,
				7040FC701D3310AD00B47422 /* MasaPizza.swift */,
				7040FC721D3310D200B47422 /* TipodeQueso.swift */,
				7040FC741D33125100B47422 /* Ingredients.swift */,
				7013EA691D32FD860036C187 /* PizzaTerminada.swift */,
			);
			path = PIZZA;
			sourceTree = "<group>";
		};
/* End PBXGroup section */

/* Begin PBXNativeTarget section */
		70FA22E41D3194FB00C09E4D /* PIZZA */ = {
			isa = PBXNativeTarget;
			buildConfigurationList = 70FA22F71D3194FB00C09E4D /* Build configuration list for PBXNativeTarget "PIZZA" */;
			buildPhases = (
				70FA22E11D3194FB00C09E4D /* Sources */,
				70FA22E21D3194FB00C09E4D /* Frameworks */,
				70FA22E31D3194FB00C09E4D /* Resources */,
			);
			buildRules = (
			);
			dependencies = (
			);
			name = PIZZA;
			productName = PIZZA;
			productReference = 70FA22E51D3194FB00C09E4D /* PIZZA.app */;
			productType = "com.apple.product-type.application";
		};
/* End PBXNativeTarget section */

/* Begin PBXProject section */
		70FA22DD1D3194FB00C09E4D /* Project object */ = {
			isa = PBXProject;
			attributes = {
				LastSwiftUpdateCheck = 0730;
				LastUpgradeCheck = 0730;
				ORGANIZATIONNAME = "Oscar Atanacio";
				TargetAttributes = {
					70FA22E41D3194FB00C09E4D = {
						CreatedOnToolsVersion = 7.3.1;
					};
				};
			};
			buildConfigurationList = 70FA22E01D3194FB00C09E4D /* Build configuration list for PBXProject "PIZZA" */;
			compatibilityVersion = "Xcode 3.2";
			developmentRegion = English;
			hasScannedForEncodings = 0;
			knownRegions = (
				en,
				Base,
			);
			mainGroup = 70FA22DC1D3194FB00C09E4D;
			productRefGroup = 70FA22E61D3194FB00C09E4D /* Products */;
			projectDirPath = "";
			projectRoot = "";
			targets = (
				70FA22E41D3194FB00C09E4D /* PIZZA */,
			);
		};
/* End PBXProject section */

/* Begin PBXResourcesBuildPhase section */
		70FA22E31D3194FB00C09E4D /* Resources */ = {
			isa = PBXResourcesBuildPhase;
			buildActionMask = 2147483647;
			files = (
				70FA22F31D3194FB00C09E4D /* LaunchScreen.storyboard in Resources */,
				70FA22F01D3194FB00C09E4D /* Assets.xcassets in Resources */,
				70FA22EE1D3194FB00C09E4D /* Main.storyboard in Resources */,
			);
			runOnlyForDeploymentPostprocessing = 0;
		};
/* End PBXResourcesBuildPhase section */

/* Begin PBXSourcesBuildPhase section */
		70FA22E11D3194FB00C09E4D /* Sources */ = {
			isa = PBXSourcesBuildPhase;
			buildActionMask = 2147483647;
			files = (
				7040FC751D33125100B47422 /* Ingredients.swift in Sources */,
				7040FC711D3310AD00B47422 /* MasaPizza.swift in Sources */,
				70FA22EB1D3194FB00C09E4D /* ViewController.swift in Sources */,
				70FA22E91D3194FB00C09E4D /* AppDelegate.swift in Sources */,
				7040FC731D3310D200B47422 /* TipodeQueso.swift in Sources */,
				7013EA6A1D32FD860036C187 /* PizzaTerminada.swift in Sources */,
				7040FC6F1D33108800B47422 /* TamañoPizza.swift in Sources */,
			);
			runOnlyForDeploymentPostprocessing = 0;
		};
/* End PBXSourcesBuildPhase section */

/* Begin PBXVariantGroup section */
		70FA22EC1D3194FB00C09E4D /* Main.storyboard */ = {
			isa = PBXVariantGroup;
			children = (
				70FA22ED1D3194FB00C09E4D /* Base */,
			);
			name = Main.storyboard;
			sourceTree = "<group>";
		};
		70FA22F11D3194FB00C09E4D /* LaunchScreen.storyboard */ = {
			isa = PBXVariantGroup;
			children = (
				70FA22F21D3194FB00C09E4D /* Base */,
			);
			name = LaunchScreen.storyboard;
			sourceTree = "<group>";
		};
/* End PBXVariantGroup section */

/* Begin XCBuildConfiguration section */
		70FA22F51D3194FB00C09E4D /* Debug */ = {
			isa = XCBuildConfiguration;
			buildSettings = {
				ALWAYS_SEARCH_USER_PATHS = NO;
				CLANG_ANALYZER_NONNULL = YES;
				CLANG_CXX_LANGUAGE_STANDARD = "gnu++0x";
				CLANG_CXX_LIBRARY = "libc++";
				CLANG_ENABLE_MODULES = YES;
				CLANG_ENABLE_OBJC_ARC = YES;
				CLANG_WARN_BOOL_CONVERSION = YES;
				CLANG_WARN_CONSTANT_CONVERSION = YES;
				CLANG_WARN_DIRECT_OBJC_ISA_USAGE = YES_ERROR;
				CLANG_WARN_EMPTY_BODY = YES;
				CLANG_WARN_ENUM_CONVERSION = YES;
				CLANG_WARN_INT_CONVERSION = YES;
				CLANG_WARN_OBJC_ROOT_CLASS = YES_ERROR;
				CLANG_WARN_UNREACHABLE_CODE = YES;
				CLANG_WARN__DUPLICATE_METHOD_MATCH = YES;
				"CODE_SIGN_IDENTITY[sdk=iphoneos*]" = "iPhone Developer";
				COPY_PHASE_STRIP = NO;
				DEBUG_INFORMATION_FORMAT = dwarf;
				ENABLE_STRICT_OBJC_MSGSEND = YES;
				ENABLE_TESTABILITY = YES;
				GCC_C_LANGUAGE_STANDARD = gnu99;
				GCC_DYNAMIC_NO_PIC = NO;
				GCC_NO_COMMON_BLOCKS = YES;
				GCC_OPTIMIZATION_LEVEL = 0;
				GCC_PREPROCESSOR_DEFINITIONS = (
					"DEBUG=1",
					"$(inherited)",
				);
				GCC_WARN_64_TO_32_BIT_CONVERSION = YES;
				GCC_WARN_ABOUT_RETURN_TYPE = YES_ERROR;
				GCC_WARN_UNDECLARED_SELECTOR = YES;
				GCC_WARN_UNINITIALIZED_AUTOS = YES_AGGRESSIVE;
				GCC_WARN_UNUSED_FUNCTION = YES;
				GCC_WARN_UNUSED_VARIABLE = YES;
				IPHONEOS_DEPLOYMENT_TARGET = 9.3;
				MTL_ENABLE_DEBUG_INFO = YES;
				ONLY_ACTIVE_ARCH = YES;
				SDKROOT = iphoneos;
				SWIFT_OPTIMIZATION_LEVEL = "-Onone";
			};
			name = Debug;
		};
		70FA22F61D3194FB00C09E4D /* Release */ = {
			isa = XCBuildConfiguration;
			buildSettings = {
				ALWAYS_SEARCH_USER_PATHS = NO;
				CLANG_ANALYZER_NONNULL = YES;
				CLANG_CXX_LANGUAGE_STANDARD = "gnu++0x";
				CLANG_CXX_LIBRARY = "libc++";
				CLANG_ENABLE_MODULES = YES;
				CLANG_ENABLE_OBJC_ARC = YES;
				CLANG_WARN_BOOL_CONVERSION = YES;
				CLANG_WARN_CONSTANT_CONVERSION = YES;
				CLANG_WARN_DIRECT_OBJC_ISA_USAGE = YES_ERROR;
				CLANG_WARN_EMPTY_BODY = YES;
				CLANG_WARN_ENUM_CONVERSION = YES;
				CLANG_WARN_INT_CONVERSION = YES;
				CLANG_WARN_OBJC_ROOT_CLASS = YES_ERROR;
				CLANG_WARN_UNREACHABLE_CODE = YES;
				CLANG_WARN__DUPLICATE_METHOD_MATCH = YES;
				"CODE_SIGN_IDENTITY[sdk=iphoneos*]" = "iPhone Developer";
				COPY_PHASE_STRIP = NO;
				DEBUG_INFORMATION_FORMAT = "dwarf-with-dsym";
				ENABLE_NS_ASSERTIONS = NO;
				ENABLE_STRICT_OBJC_MSGSEND = YES;
				GCC_C_LANGUAGE_STANDARD = gnu99;
				GCC_NO_COMMON_BLOCKS = YES;
				GCC_WARN_64_TO_32_BIT_CONVERSION = YES;
				GCC_WARN_ABOUT_RETURN_TYPE = YES_ERROR;
				GCC_WARN_UNDECLARED_SELECTOR = YES;
				GCC_WARN_UNINITIALIZED_AUTOS = YES_AGGRESSIVE;
				GCC_WARN_UNUSED_FUNCTION = YES;
				GCC_WARN_UNUSED_VARIABLE = YES;
				IPHONEOS_DEPLOYMENT_TARGET = 9.3;
				MTL_ENABLE_DEBUG_INFO = NO;
				SDKROOT = iphoneos;
				VALIDATE_PRODUCT = YES;
			};
			name = Release;
		};
		70FA22F81D3194FB00C09E4D /* Debug */ = {
			isa = XCBuildConfiguration;
			buildSettings = {
				ASSETCATALOG_COMPILER_APPICON_NAME = AppIcon;
				INFOPLIST_FILE = PIZZA/Info.plist;
				LD_RUNPATH_SEARCH_PATHS = "$(inherited) @executable_path/Frameworks";
				PRODUCT_BUNDLE_IDENTIFIER = ATNC.PIZZA;
				PRODUCT_NAME = "$(TARGET_NAME)";
			};
			name = Debug;
		};
		70FA22F91D3194FB00C09E4D /* Release */ = {
			isa = XCBuildConfiguration;
			buildSettings = {
				ASSETCATALOG_COMPILER_APPICON_NAME = AppIcon;
				INFOPLIST_FILE = PIZZA/Info.plist;
				LD_RUNPATH_SEARCH_PATHS = "$(inherited) @executable_path/Frameworks";
				PRODUCT_BUNDLE_IDENTIFIER = ATNC.PIZZA;
				PRODUCT_NAME = "$(TARGET_NAME)";
			};
			name = Release;
		};
/* End XCBuildConfiguration section */

/* Begin XCConfigurationList section */
		70FA22E01D3194FB00C09E4D /* Build configuration list for PBXProject "PIZZA" */ = {
			isa = XCConfigurationList;
			buildConfigurations = (
				70FA22F51D3194FB00C09E4D /* Debug */,
				70FA22F61D3194FB00C09E4D /* Release */,
			);
			defaultConfigurationIsVisible = 0;
			defaultConfigurationName = Release;
		};
		70FA22F71D3194FB00C09E4D /* Build configuration list for PBXNativeTarget "PIZZA" */ = {
			isa = XCConfigurationList;
			buildConfigurations = (
				70FA22F81D3194FB00C09E4D /* Debug */,
				70FA22F91D3194FB00C09E4D /* Release */,
			);
			defaultConfigurationIsVisible = 0;
			defaultConfigurationName = Release;
		};
/* End XCConfigurationList section */
	};
	rootObject = 70FA22DD1D3194FB00C09E4D /* Project object */;
}
